
Microsoft Visual Studio Solution File, Format Version 12.00
# Visual Studio Version 16
VisualStudioVersion = 16.0.31729.503
MinimumVisualStudioVersion = 10.0.40219.1
Project("{F184B08F-C81C-45F6-A57F-5ABD9991F28F}") = "ITWproject", "ITWproject.vbproj", "{3D28D58C-6EF2-4214-85A7-5EEAD7E57438}"
EndProject
Global
	GlobalSection(SolutionConfigurationPlatforms) = preSolution
		Debug|Any CPU = Debug|Any CPU
		Release|Any CPU = Release|Any CPU
	EndGlobalSection
	GlobalSection(ProjectConfigurationPlatforms) = postSolution
		{3D28D58C-6EF2-4214-85A7-5EEAD7E57438}.Debug|Any CPU.ActiveCfg = Debug|Any CPU
		{3D28D58C-6EF2-4214-85A7-5EEAD7E57438}.Debug|Any CPU.Build.0 = Debug|Any CPU
		{3D28D58C-6EF2-4214-85A7-5EEAD7E57438}.Release|Any CPU.ActiveCfg = Release|Any CPU
		{3D28D58C-6EF2-4214-85A7-5EEAD7E57438}.Release|Any CPU.Build.0 = Release|Any CPU
	EndGlobalSection
	GlobalSection(SolutionProperties) = preSolution
		HideSolutionNode = FALSE
	EndGlobalSection
	GlobalSection(ExtensibilityGlobals) = postSolution
		SolutionGuid = {AA9403C5-1CEA-4D0D-9C33-533E2D149B02}
	EndGlobalSection
EndGlobal
